
Microsoft Visual Studio Solution File, Format Version 12.00
Project("{FAE04EC0-301F-11D3-BF4B-00C04F79EFBC}") = "EasyPhotoSelect", "EasyPhotoSelect\EasyPhotoSelect.csproj", "{C65EDC68-75BF-47FD-A8C0-E3881E34B663}"
EndProject
Global
	GlobalSection(SolutionConfigurationPlatforms) = preSolution
		Debug|Any CPU = Debug|Any CPU
		Release|Any CPU = Release|Any CPU
	EndGlobalSection
	GlobalSection(ProjectConfigurationPlatforms) = postSolution
		{C65EDC68-75BF-47FD-A8C0-E3881E34B663}.Debug|Any CPU.ActiveCfg = Debug|Any CPU
		{C65EDC68-75BF-47FD-A8C0-E3881E34B663}.Debug|Any CPU.Build.0 = Debug|Any CPU
		{C65EDC68-75BF-47FD-A8C0-E3881E34B663}.Release|Any CPU.ActiveCfg = Release|Any CPU
		{C65EDC68-75BF-47FD-A8C0-E3881E34B663}.Release|Any CPU.Build.0 = Release|Any CPU
	EndGlobalSection
EndGlobal
